// !$*UTF8*$!
{
	archiveVersion = 1;
	classes = {
	};
	objectVersion = 56;
	objects = {

/* Begin PBXBuildFile section */
		B31D71382B05358900CA01E0 /* csvschema.json in Resources */ = {isa = PBXBuildFile; fileRef = B31D71372B05358900CA01E0 /* csvschema.json */; };
		B31D713C2B0538FC00CA01E0 /* flavors.json in Resources */ = {isa = PBXBuildFile; fileRef = B31D713B2B0538FC00CA01E0 /* flavors.json */; };
		B31D71402B053FED00CA01E0 /* CSVInfoValueRow.swift in Sources */ = {isa = PBXBuildFile; fileRef = B31D713F2B053FED00CA01E0 /* CSVInfoValueRow.swift */; };
		B31D71422B05420900CA01E0 /* CSVStyleView.swift in Sources */ = {isa = PBXBuildFile; fileRef = B31D71412B05420900CA01E0 /* CSVStyleView.swift */; };
		B31D71442B054CCC00CA01E0 /* CSVOriginView.swift in Sources */ = {isa = PBXBuildFile; fileRef = B31D71432B054CCC00CA01E0 /* CSVOriginView.swift */; };
		B31D71462B05504800CA01E0 /* CSVBottleStateView.swift in Sources */ = {isa = PBXBuildFile; fileRef = B31D71452B05504800CA01E0 /* CSVBottleStateView.swift */; };
		B31D71482B0560D300CA01E0 /* CSVImportView.swift in Sources */ = {isa = PBXBuildFile; fileRef = B31D71472B0560D300CA01E0 /* CSVImportView.swift */; };
		B3208FE72AFC9A2A004FED4B /* CaskKeeperApp.swift in Sources */ = {isa = PBXBuildFile; fileRef = B3208FE62AFC9A2A004FED4B /* CaskKeeperApp.swift */; };
		B3208FEB2AFC9A2C004FED4B /* Assets.xcassets in Resources */ = {isa = PBXBuildFile; fileRef = B3208FEA2AFC9A2C004FED4B /* Assets.xcassets */; };
		B3208FEE2AFC9A2C004FED4B /* Preview Assets.xcassets in Resources */ = {isa = PBXBuildFile; fileRef = B3208FED2AFC9A2C004FED4B /* Preview Assets.xcassets */; };
		B3208FF82AFC9A2C004FED4B /* CaskKeeperTests.swift in Sources */ = {isa = PBXBuildFile; fileRef = B3208FF72AFC9A2C004FED4B /* CaskKeeperTests.swift */; };
		B32090022AFC9A2C004FED4B /* CaskKeeperUITests.swift in Sources */ = {isa = PBXBuildFile; fileRef = B32090012AFC9A2C004FED4B /* CaskKeeperUITests.swift */; };
		B32090042AFC9A2C004FED4B /* CaskKeeperUITestsLaunchTests.swift in Sources */ = {isa = PBXBuildFile; fileRef = B32090032AFC9A2C004FED4B /* CaskKeeperUITestsLaunchTests.swift */; };
		B32090142AFC9B66004FED4B /* EnvironmentValues+Ext.swift in Sources */ = {isa = PBXBuildFile; fileRef = B32090132AFC9B66004FED4B /* EnvironmentValues+Ext.swift */; };
		B320901D2AFC9BAB004FED4B /* Flavor.swift in Sources */ = {isa = PBXBuildFile; fileRef = B32090192AFC9BAB004FED4B /* Flavor.swift */; };
		B320901E2AFC9BAB004FED4B /* FlavorCatalog.swift in Sources */ = {isa = PBXBuildFile; fileRef = B320901A2AFC9BAB004FED4B /* FlavorCatalog.swift */; };
		B320901F2AFC9BAB004FED4B /* FlavorSelectionView.swift in Sources */ = {isa = PBXBuildFile; fileRef = B320901C2AFC9BAB004FED4B /* FlavorSelectionView.swift */; };
		B32090272AFC9BBB004FED4B /* AsapCondensed-Light.ttf in Resources */ = {isa = PBXBuildFile; fileRef = B32090212AFC9BBA004FED4B /* AsapCondensed-Light.ttf */; };
		B32090282AFC9BBB004FED4B /* AsapCondensed-SemiBold.ttf in Resources */ = {isa = PBXBuildFile; fileRef = B32090222AFC9BBA004FED4B /* AsapCondensed-SemiBold.ttf */; };
		B32090292AFC9BBB004FED4B /* AsapCondensed-Regular.ttf in Resources */ = {isa = PBXBuildFile; fileRef = B32090232AFC9BBA004FED4B /* AsapCondensed-Regular.ttf */; };
		B320902A2AFC9BBB004FED4B /* AsapCondensed-Italic.ttf in Resources */ = {isa = PBXBuildFile; fileRef = B32090242AFC9BBA004FED4B /* AsapCondensed-Italic.ttf */; };
		B320902B2AFC9BBB004FED4B /* AsapCondensed-Medium.ttf in Resources */ = {isa = PBXBuildFile; fileRef = B32090252AFC9BBA004FED4B /* AsapCondensed-Medium.ttf */; };
		B320902C2AFC9BBB004FED4B /* AsapCondensed-Bold.ttf in Resources */ = {isa = PBXBuildFile; fileRef = B32090262AFC9BBA004FED4B /* AsapCondensed-Bold.ttf */; };
		B320902F2AFC9BC7004FED4B /* WhiskeyDataPersistanceManager.swift in Sources */ = {isa = PBXBuildFile; fileRef = B320902E2AFC9BC7004FED4B /* WhiskeyDataPersistanceManager.swift */; };
		B32090462AFC9BCE004FED4B /* ImagePickerRepresentable.swift in Sources */ = {isa = PBXBuildFile; fileRef = B32090322AFC9BCE004FED4B /* ImagePickerRepresentable.swift */; };
		B32090472AFC9BCE004FED4B /* PHPickerRepresentable.swift in Sources */ = {isa = PBXBuildFile; fileRef = B32090332AFC9BCE004FED4B /* PHPickerRepresentable.swift */; };
		B32090482AFC9BCE004FED4B /* WhiskeyLibrary.swift in Sources */ = {isa = PBXBuildFile; fileRef = B32090352AFC9BCE004FED4B /* WhiskeyLibrary.swift */; };
		B32090492AFC9BCE004FED4B /* Age.swift in Sources */ = {isa = PBXBuildFile; fileRef = B32090362AFC9BCE004FED4B /* Age.swift */; };
		B320904A2AFC9BCE004FED4B /* Style.swift in Sources */ = {isa = PBXBuildFile; fileRef = B32090372AFC9BCE004FED4B /* Style.swift */; };
		B320904B2AFC9BCE004FED4B /* Whiskey.swift in Sources */ = {isa = PBXBuildFile; fileRef = B32090382AFC9BCE004FED4B /* Whiskey.swift */; };
		B320904C2AFC9BCE004FED4B /* Origin.swift in Sources */ = {isa = PBXBuildFile; fileRef = B32090392AFC9BCE004FED4B /* Origin.swift */; };
		B320904D2AFC9BCE004FED4B /* WhiskeyEditView.swift in Sources */ = {isa = PBXBuildFile; fileRef = B320903B2AFC9BCE004FED4B /* WhiskeyEditView.swift */; };
		B320904E2AFC9BCE004FED4B /* AddWhiskeyNote.swift in Sources */ = {isa = PBXBuildFile; fileRef = B320903C2AFC9BCE004FED4B /* AddWhiskeyNote.swift */; };
		B320904F2AFC9BCE004FED4B /* WhiskeyDetailView.swift in Sources */ = {isa = PBXBuildFile; fileRef = B320903D2AFC9BCE004FED4B /* WhiskeyDetailView.swift */; };
		B32090502AFC9BCE004FED4B /* WhiskeyEditTextField.swift in Sources */ = {isa = PBXBuildFile; fileRef = B320903E2AFC9BCE004FED4B /* WhiskeyEditTextField.swift */; };
		B32090512AFC9BCE004FED4B /* WhiskeyRowView.swift in Sources */ = {isa = PBXBuildFile; fileRef = B320903F2AFC9BCE004FED4B /* WhiskeyRowView.swift */; };
		B32090522AFC9BCE004FED4B /* TasteRowView.swift in Sources */ = {isa = PBXBuildFile; fileRef = B32090402AFC9BCE004FED4B /* TasteRowView.swift */; };
		B32090532AFC9BCE004FED4B /* AddWhiskeyView.swift in Sources */ = {isa = PBXBuildFile; fileRef = B32090412AFC9BCE004FED4B /* AddWhiskeyView.swift */; };
		B32090542AFC9BCE004FED4B /* ContentView.swift in Sources */ = {isa = PBXBuildFile; fileRef = B32090422AFC9BCE004FED4B /* ContentView.swift */; };
		B32090552AFC9BCE004FED4B /* WhiskeyDetailRowView.swift in Sources */ = {isa = PBXBuildFile; fileRef = B32090432AFC9BCE004FED4B /* WhiskeyDetailRowView.swift */; };
		B32090562AFC9BCE004FED4B /* WhiskeyTasteDetailView.swift in Sources */ = {isa = PBXBuildFile; fileRef = B32090442AFC9BCE004FED4B /* WhiskeyTasteDetailView.swift */; };
		B32090572AFC9BCE004FED4B /* WhiskeyDetailRowViewToggle.swift in Sources */ = {isa = PBXBuildFile; fileRef = B32090452AFC9BCE004FED4B /* WhiskeyDetailRowViewToggle.swift */; };
		B320DF152B1561BB00D13064 /* AddWantedListView.swift in Sources */ = {isa = PBXBuildFile; fileRef = B320DF142B1561BB00D13064 /* AddWantedListView.swift */; };
		B331B6362B02AF7B008DE573 /* DocumentPicker.swift in Sources */ = {isa = PBXBuildFile; fileRef = B331B6352B02AF7B008DE573 /* DocumentPicker.swift */; };
		B38F3D1A2B12BF340009DF01 /* ImageLoader.swift in Sources */ = {isa = PBXBuildFile; fileRef = B38F3D192B12BF340009DF01 /* ImageLoader.swift */; };
		B39193C22B01D07100B53767 /* WhiskeyDetailRowStateToggle.swift in Sources */ = {isa = PBXBuildFile; fileRef = B39193C12B01D07100B53767 /* WhiskeyDetailRowStateToggle.swift */; };
		B39485A52B152A5B00930ED7 /* WantListDataPersistanceDataManager.swift in Sources */ = {isa = PBXBuildFile; fileRef = B39485A42B152A5B00930ED7 /* WantListDataPersistanceDataManager.swift */; };
		B39485A72B1536F100930ED7 /* UserCreatedList.swift in Sources */ = {isa = PBXBuildFile; fileRef = B39485A62B1536F100930ED7 /* UserCreatedList.swift */; };
		B39485A92B153AF900930ED7 /* WhiskeyItem.swift in Sources */ = {isa = PBXBuildFile; fileRef = B39485A82B153AF900930ED7 /* WhiskeyItem.swift */; };
		B3B9B34F2B0435F800EE1A7F /* ImportWhiskeyCSVView.swift in Sources */ = {isa = PBXBuildFile; fileRef = B3B9B34E2B0435F800EE1A7F /* ImportWhiskeyCSVView.swift */; };
		B3B9B3542B04896F00EE1A7F /* SettingsView.swift in Sources */ = {isa = PBXBuildFile; fileRef = B3B9B3532B04896F00EE1A7F /* SettingsView.swift */; };
		B3C5B2B62AFFF16D00A75544 /* ScoreGaugeStyle.swift in Sources */ = {isa = PBXBuildFile; fileRef = B3C5B2B52AFFF16D00A75544 /* ScoreGaugeStyle.swift */; };
		B3D2D9752B0C5A6F0041DC7F /* ExportWhiskeyCollectionJSONView.swift in Sources */ = {isa = PBXBuildFile; fileRef = B3D2D9742B0C5A6F0041DC7F /* ExportWhiskeyCollectionJSONView.swift */; };
		B3D2D9772B0C69510041DC7F /* DocumentExporter.swift in Sources */ = {isa = PBXBuildFile; fileRef = B3D2D9762B0C69510041DC7F /* DocumentExporter.swift */; };
		B3D2D9B12B0D32A80041DC7F /* ImportWhiskeyCollectionJSONView.swift in Sources */ = {isa = PBXBuildFile; fileRef = B3D2D9B02B0D32A80041DC7F /* ImportWhiskeyCollectionJSONView.swift */; };
		B3D2D9B32B0D822C0041DC7F /* View.swift in Sources */ = {isa = PBXBuildFile; fileRef = B3D2D9B22B0D822C0041DC7F /* View.swift */; };
		B3E5C0812B140B2F009949BB /* CKTabBarView.swift in Sources */ = {isa = PBXBuildFile; fileRef = B3E5C0802B140B2F009949BB /* CKTabBarView.swift */; };
		B3E5C0832B142736009949BB /* WantedListView.swift in Sources */ = {isa = PBXBuildFile; fileRef = B3E5C0822B142736009949BB /* WantedListView.swift */; };
		B3E5C0852B142BED009949BB /* Font+Ext.swift in Sources */ = {isa = PBXBuildFile; fileRef = B3E5C0842B142BED009949BB /* Font+Ext.swift */; };
		B3E5C0872B143803009949BB /* WantedList.swift in Sources */ = {isa = PBXBuildFile; fileRef = B3E5C0862B143803009949BB /* WantedList.swift */; };
		B3E5C0892B143AF8009949BB /* WantedListLibrary.swift in Sources */ = {isa = PBXBuildFile; fileRef = B3E5C0882B143AF8009949BB /* WantedListLibrary.swift */; };
		B3FEB0252B16798700F6DD56 /* WantedListDetailView.swift in Sources */ = {isa = PBXBuildFile; fileRef = B3FEB0242B16798700F6DD56 /* WantedListDetailView.swift */; };
/* End PBXBuildFile section */

/* Begin PBXContainerItemProxy section */
		B3208FF42AFC9A2C004FED4B /* PBXContainerItemProxy */ = {
			isa = PBXContainerItemProxy;
			containerPortal = B3208FDB2AFC9A2A004FED4B /* Project object */;
			proxyType = 1;
			remoteGlobalIDString = B3208FE22AFC9A2A004FED4B;
			remoteInfo = CaskKeeper;
		};
		B3208FFE2AFC9A2C004FED4B /* PBXContainerItemProxy */ = {
			isa = PBXContainerItemProxy;
			containerPortal = B3208FDB2AFC9A2A004FED4B /* Project object */;
			proxyType = 1;
			remoteGlobalIDString = B3208FE22AFC9A2A004FED4B;
			remoteInfo = CaskKeeper;
		};
/* End PBXContainerItemProxy section */

/* Begin PBXFileReference section */
		B31D71372B05358900CA01E0 /* csvschema.json */ = {isa = PBXFileReference; fileEncoding = 4; lastKnownFileType = text.json; path = csvschema.json; sourceTree = "<group>"; };
		B31D713B2B0538FC00CA01E0 /* flavors.json */ = {isa = PBXFileReference; fileEncoding = 4; lastKnownFileType = text.json; path = flavors.json; sourceTree = "<group>"; };
		B31D713F2B053FED00CA01E0 /* CSVInfoValueRow.swift */ = {isa = PBXFileReference; lastKnownFileType = sourcecode.swift; path = CSVInfoValueRow.swift; sourceTree = "<group>"; };
		B31D71412B05420900CA01E0 /* CSVStyleView.swift */ = {isa = PBXFileReference; lastKnownFileType = sourcecode.swift; path = CSVStyleView.swift; sourceTree = "<group>"; };
		B31D71432B054CCC00CA01E0 /* CSVOriginView.swift */ = {isa = PBXFileReference; lastKnownFileType = sourcecode.swift; path = CSVOriginView.swift; sourceTree = "<group>"; };
		B31D71452B05504800CA01E0 /* CSVBottleStateView.swift */ = {isa = PBXFileReference; lastKnownFileType = sourcecode.swift; path = CSVBottleStateView.swift; sourceTree = "<group>"; };
		B31D71472B0560D300CA01E0 /* CSVImportView.swift */ = {isa = PBXFileReference; lastKnownFileType = sourcecode.swift; path = CSVImportView.swift; sourceTree = "<group>"; };
		B3208FE32AFC9A2A004FED4B /* CaskKeeper.app */ = {isa = PBXFileReference; explicitFileType = wrapper.application; includeInIndex = 0; path = CaskKeeper.app; sourceTree = BUILT_PRODUCTS_DIR; };
		B3208FE62AFC9A2A004FED4B /* CaskKeeperApp.swift */ = {isa = PBXFileReference; lastKnownFileType = sourcecode.swift; path = CaskKeeperApp.swift; sourceTree = "<group>"; };
		B3208FEA2AFC9A2C004FED4B /* Assets.xcassets */ = {isa = PBXFileReference; lastKnownFileType = folder.assetcatalog; path = Assets.xcassets; sourceTree = "<group>"; };
		B3208FED2AFC9A2C004FED4B /* Preview Assets.xcassets */ = {isa = PBXFileReference; lastKnownFileType = folder.assetcatalog; path = "Preview Assets.xcassets"; sourceTree = "<group>"; };
		B3208FF32AFC9A2C004FED4B /* CaskKeeperTests.xctest */ = {isa = PBXFileReference; explicitFileType = wrapper.cfbundle; includeInIndex = 0; path = CaskKeeperTests.xctest; sourceTree = BUILT_PRODUCTS_DIR; };
		B3208FF72AFC9A2C004FED4B /* CaskKeeperTests.swift */ = {isa = PBXFileReference; lastKnownFileType = sourcecode.swift; path = CaskKeeperTests.swift; sourceTree = "<group>"; };
		B3208FFD2AFC9A2C004FED4B /* CaskKeeperUITests.xctest */ = {isa = PBXFileReference; explicitFileType = wrapper.cfbundle; includeInIndex = 0; path = CaskKeeperUITests.xctest; sourceTree = BUILT_PRODUCTS_DIR; };
		B32090012AFC9A2C004FED4B /* CaskKeeperUITests.swift */ = {isa = PBXFileReference; lastKnownFileType = sourcecode.swift; path = CaskKeeperUITests.swift; sourceTree = "<group>"; };
		B32090032AFC9A2C004FED4B /* CaskKeeperUITestsLaunchTests.swift */ = {isa = PBXFileReference; lastKnownFileType = sourcecode.swift; path = CaskKeeperUITestsLaunchTests.swift; sourceTree = "<group>"; };
		B32090132AFC9B66004FED4B /* EnvironmentValues+Ext.swift */ = {isa = PBXFileReference; fileEncoding = 4; lastKnownFileType = sourcecode.swift; path = "EnvironmentValues+Ext.swift"; sourceTree = "<group>"; };
		B32090192AFC9BAB004FED4B /* Flavor.swift */ = {isa = PBXFileReference; fileEncoding = 4; lastKnownFileType = sourcecode.swift; path = Flavor.swift; sourceTree = "<group>"; };
		B320901A2AFC9BAB004FED4B /* FlavorCatalog.swift */ = {isa = PBXFileReference; fileEncoding = 4; lastKnownFileType = sourcecode.swift; path = FlavorCatalog.swift; sourceTree = "<group>"; };
		B320901C2AFC9BAB004FED4B /* FlavorSelectionView.swift */ = {isa = PBXFileReference; fileEncoding = 4; lastKnownFileType = sourcecode.swift; path = FlavorSelectionView.swift; sourceTree = "<group>"; };
		B32090212AFC9BBA004FED4B /* AsapCondensed-Light.ttf */ = {isa = PBXFileReference; lastKnownFileType = file; path = "AsapCondensed-Light.ttf"; sourceTree = "<group>"; };
		B32090222AFC9BBA004FED4B /* AsapCondensed-SemiBold.ttf */ = {isa = PBXFileReference; lastKnownFileType = file; path = "AsapCondensed-SemiBold.ttf"; sourceTree = "<group>"; };
		B32090232AFC9BBA004FED4B /* AsapCondensed-Regular.ttf */ = {isa = PBXFileReference; lastKnownFileType = file; path = "AsapCondensed-Regular.ttf"; sourceTree = "<group>"; };
		B32090242AFC9BBA004FED4B /* AsapCondensed-Italic.ttf */ = {isa = PBXFileReference; lastKnownFileType = file; path = "AsapCondensed-Italic.ttf"; sourceTree = "<group>"; };
		B32090252AFC9BBA004FED4B /* AsapCondensed-Medium.ttf */ = {isa = PBXFileReference; lastKnownFileType = file; path = "AsapCondensed-Medium.ttf"; sourceTree = "<group>"; };
		B32090262AFC9BBA004FED4B /* AsapCondensed-Bold.ttf */ = {isa = PBXFileReference; lastKnownFileType = file; path = "AsapCondensed-Bold.ttf"; sourceTree = "<group>"; };
		B320902E2AFC9BC7004FED4B /* WhiskeyDataPersistanceManager.swift */ = {isa = PBXFileReference; fileEncoding = 4; lastKnownFileType = sourcecode.swift; path = WhiskeyDataPersistanceManager.swift; sourceTree = "<group>"; };
		B32090322AFC9BCE004FED4B /* ImagePickerRepresentable.swift */ = {isa = PBXFileReference; fileEncoding = 4; lastKnownFileType = sourcecode.swift; path = ImagePickerRepresentable.swift; sourceTree = "<group>"; };
		B32090332AFC9BCE004FED4B /* PHPickerRepresentable.swift */ = {isa = PBXFileReference; fileEncoding = 4; lastKnownFileType = sourcecode.swift; path = PHPickerRepresentable.swift; sourceTree = "<group>"; };
		B32090352AFC9BCE004FED4B /* WhiskeyLibrary.swift */ = {isa = PBXFileReference; fileEncoding = 4; lastKnownFileType = sourcecode.swift; path = WhiskeyLibrary.swift; sourceTree = "<group>"; };
		B32090362AFC9BCE004FED4B /* Age.swift */ = {isa = PBXFileReference; fileEncoding = 4; lastKnownFileType = sourcecode.swift; path = Age.swift; sourceTree = "<group>"; };
		B32090372AFC9BCE004FED4B /* Style.swift */ = {isa = PBXFileReference; fileEncoding = 4; lastKnownFileType = sourcecode.swift; path = Style.swift; sourceTree = "<group>"; };
		B32090382AFC9BCE004FED4B /* Whiskey.swift */ = {isa = PBXFileReference; fileEncoding = 4; lastKnownFileType = sourcecode.swift; path = Whiskey.swift; sourceTree = "<group>"; };
		B32090392AFC9BCE004FED4B /* Origin.swift */ = {isa = PBXFileReference; fileEncoding = 4; lastKnownFileType = sourcecode.swift; path = Origin.swift; sourceTree = "<group>"; };
		B320903B2AFC9BCE004FED4B /* WhiskeyEditView.swift */ = {isa = PBXFileReference; fileEncoding = 4; lastKnownFileType = sourcecode.swift; path = WhiskeyEditView.swift; sourceTree = "<group>"; };
		B320903C2AFC9BCE004FED4B /* AddWhiskeyNote.swift */ = {isa = PBXFileReference; fileEncoding = 4; lastKnownFileType = sourcecode.swift; path = AddWhiskeyNote.swift; sourceTree = "<group>"; };
		B320903D2AFC9BCE004FED4B /* WhiskeyDetailView.swift */ = {isa = PBXFileReference; fileEncoding = 4; lastKnownFileType = sourcecode.swift; path = WhiskeyDetailView.swift; sourceTree = "<group>"; };
		B320903E2AFC9BCE004FED4B /* WhiskeyEditTextField.swift */ = {isa = PBXFileReference; fileEncoding = 4; lastKnownFileType = sourcecode.swift; path = WhiskeyEditTextField.swift; sourceTree = "<group>"; };
		B320903F2AFC9BCE004FED4B /* WhiskeyRowView.swift */ = {isa = PBXFileReference; fileEncoding = 4; lastKnownFileType = sourcecode.swift; path = WhiskeyRowView.swift; sourceTree = "<group>"; };
		B32090402AFC9BCE004FED4B /* TasteRowView.swift */ = {isa = PBXFileReference; fileEncoding = 4; lastKnownFileType = sourcecode.swift; path = TasteRowView.swift; sourceTree = "<group>"; };
		B32090412AFC9BCE004FED4B /* AddWhiskeyView.swift */ = {isa = PBXFileReference; fileEncoding = 4; lastKnownFileType = sourcecode.swift; path = AddWhiskeyView.swift; sourceTree = "<group>"; };
		B32090422AFC9BCE004FED4B /* ContentView.swift */ = {isa = PBXFileReference; fileEncoding = 4; lastKnownFileType = sourcecode.swift; path = ContentView.swift; sourceTree = "<group>"; };
		B32090432AFC9BCE004FED4B /* WhiskeyDetailRowView.swift */ = {isa = PBXFileReference; fileEncoding = 4; lastKnownFileType = sourcecode.swift; path = WhiskeyDetailRowView.swift; sourceTree = "<group>"; };
		B32090442AFC9BCE004FED4B /* WhiskeyTasteDetailView.swift */ = {isa = PBXFileReference; fileEncoding = 4; lastKnownFileType = sourcecode.swift; path = WhiskeyTasteDetailView.swift; sourceTree = "<group>"; };
		B32090452AFC9BCE004FED4B /* WhiskeyDetailRowViewToggle.swift */ = {isa = PBXFileReference; fileEncoding = 4; lastKnownFileType = sourcecode.swift; path = WhiskeyDetailRowViewToggle.swift; sourceTree = "<group>"; };
		B32090582AFC9D4F004FED4B /* Info.plist */ = {isa = PBXFileReference; lastKnownFileType = text.plist; path = Info.plist; sourceTree = "<group>"; };
		B320DF142B1561BB00D13064 /* AddWantedListView.swift */ = {isa = PBXFileReference; lastKnownFileType = sourcecode.swift; path = AddWantedListView.swift; sourceTree = "<group>"; };
		B331B6352B02AF7B008DE573 /* DocumentPicker.swift */ = {isa = PBXFileReference; lastKnownFileType = sourcecode.swift; path = DocumentPicker.swift; sourceTree = "<group>"; };
		B38F3D192B12BF340009DF01 /* ImageLoader.swift */ = {isa = PBXFileReference; lastKnownFileType = sourcecode.swift; path = ImageLoader.swift; sourceTree = "<group>"; };
		B39193C12B01D07100B53767 /* WhiskeyDetailRowStateToggle.swift */ = {isa = PBXFileReference; lastKnownFileType = sourcecode.swift; path = WhiskeyDetailRowStateToggle.swift; sourceTree = "<group>"; };
		B39485A42B152A5B00930ED7 /* WantListDataPersistanceDataManager.swift */ = {isa = PBXFileReference; lastKnownFileType = sourcecode.swift; path = WantListDataPersistanceDataManager.swift; sourceTree = "<group>"; };
		B39485A62B1536F100930ED7 /* UserCreatedList.swift */ = {isa = PBXFileReference; lastKnownFileType = sourcecode.swift; path = UserCreatedList.swift; sourceTree = "<group>"; };
		B39485A82B153AF900930ED7 /* WhiskeyItem.swift */ = {isa = PBXFileReference; lastKnownFileType = sourcecode.swift; path = WhiskeyItem.swift; sourceTree = "<group>"; };
		B3B9B34E2B0435F800EE1A7F /* ImportWhiskeyCSVView.swift */ = {isa = PBXFileReference; lastKnownFileType = sourcecode.swift; path = ImportWhiskeyCSVView.swift; sourceTree = "<group>"; };
		B3B9B3532B04896F00EE1A7F /* SettingsView.swift */ = {isa = PBXFileReference; lastKnownFileType = sourcecode.swift; path = SettingsView.swift; sourceTree = "<group>"; };
		B3C5B2B52AFFF16D00A75544 /* ScoreGaugeStyle.swift */ = {isa = PBXFileReference; lastKnownFileType = sourcecode.swift; path = ScoreGaugeStyle.swift; sourceTree = "<group>"; };
		B3D2D9742B0C5A6F0041DC7F /* ExportWhiskeyCollectionJSONView.swift */ = {isa = PBXFileReference; lastKnownFileType = sourcecode.swift; path = ExportWhiskeyCollectionJSONView.swift; sourceTree = "<group>"; };
		B3D2D9762B0C69510041DC7F /* DocumentExporter.swift */ = {isa = PBXFileReference; lastKnownFileType = sourcecode.swift; path = DocumentExporter.swift; sourceTree = "<group>"; };
		B3D2D9B02B0D32A80041DC7F /* ImportWhiskeyCollectionJSONView.swift */ = {isa = PBXFileReference; lastKnownFileType = sourcecode.swift; path = ImportWhiskeyCollectionJSONView.swift; sourceTree = "<group>"; };
		B3D2D9B22B0D822C0041DC7F /* View.swift */ = {isa = PBXFileReference; lastKnownFileType = sourcecode.swift; path = View.swift; sourceTree = "<group>"; };
		B3E5C0802B140B2F009949BB /* CKTabBarView.swift */ = {isa = PBXFileReference; lastKnownFileType = sourcecode.swift; path = CKTabBarView.swift; sourceTree = "<group>"; };
		B3E5C0822B142736009949BB /* WantedListView.swift */ = {isa = PBXFileReference; lastKnownFileType = sourcecode.swift; path = WantedListView.swift; sourceTree = "<group>"; };
		B3E5C0842B142BED009949BB /* Font+Ext.swift */ = {isa = PBXFileReference; lastKnownFileType = sourcecode.swift; path = "Font+Ext.swift"; sourceTree = "<group>"; };
		B3E5C0862B143803009949BB /* WantedList.swift */ = {isa = PBXFileReference; lastKnownFileType = sourcecode.swift; path = WantedList.swift; sourceTree = "<group>"; };
		B3E5C0882B143AF8009949BB /* WantedListLibrary.swift */ = {isa = PBXFileReference; lastKnownFileType = sourcecode.swift; path = WantedListLibrary.swift; sourceTree = "<group>"; };
		B3FEB0242B16798700F6DD56 /* WantedListDetailView.swift */ = {isa = PBXFileReference; lastKnownFileType = sourcecode.swift; path = WantedListDetailView.swift; sourceTree = "<group>"; };
/* End PBXFileReference section */

/* Begin PBXFrameworksBuildPhase section */
		B3208FE02AFC9A2A004FED4B /* Frameworks */ = {
			isa = PBXFrameworksBuildPhase;
			buildActionMask = 2147483647;
			files = (
			);
			runOnlyForDeploymentPostprocessing = 0;
		};
		B3208FF02AFC9A2C004FED4B /* Frameworks */ = {
			isa = PBXFrameworksBuildPhase;
			buildActionMask = 2147483647;
			files = (
			);
			runOnlyForDeploymentPostprocessing = 0;
		};
		B3208FFA2AFC9A2C004FED4B /* Frameworks */ = {
			isa = PBXFrameworksBuildPhase;
			buildActionMask = 2147483647;
			files = (
			);
			runOnlyForDeploymentPostprocessing = 0;
		};
/* End PBXFrameworksBuildPhase section */

/* Begin PBXGroup section */
		B3208FDA2AFC9A2A004FED4B = {
			isa = PBXGroup;
			children = (
				B3208FE52AFC9A2A004FED4B /* CaskKeeper */,
				B3208FF62AFC9A2C004FED4B /* CaskKeeperTests */,
				B32090002AFC9A2C004FED4B /* CaskKeeperUITests */,
				B3208FE42AFC9A2A004FED4B /* Products */,
			);
			sourceTree = "<group>";
		};
		B3208FE42AFC9A2A004FED4B /* Products */ = {
			isa = PBXGroup;
			children = (
				B3208FE32AFC9A2A004FED4B /* CaskKeeper.app */,
				B3208FF32AFC9A2C004FED4B /* CaskKeeperTests.xctest */,
				B3208FFD2AFC9A2C004FED4B /* CaskKeeperUITests.xctest */,
			);
			name = Products;
			sourceTree = "<group>";
		};
		B3208FE52AFC9A2A004FED4B /* CaskKeeper */ = {
			isa = PBXGroup;
			children = (
				B32090582AFC9D4F004FED4B /* Info.plist */,
				B3E5C07E2B140A37009949BB /* App */,
				B3E5C07F2B140AF8009949BB /* WantedList */,
				B3E5C07D2B140A14009949BB /* Collection */,
				B32090122AFC9B3B004FED4B /* Extensions */,
				B32090202AFC9BBA004FED4B /* Font */,
				B3208FEC2AFC9A2C004FED4B /* Preview Content */,
			);
			path = CaskKeeper;
			sourceTree = "<group>";
		};
		B3208FEC2AFC9A2C004FED4B /* Preview Content */ = {
			isa = PBXGroup;
			children = (
				B3208FED2AFC9A2C004FED4B /* Preview Assets.xcassets */,
			);
			path = "Preview Content";
			sourceTree = "<group>";
		};
		B3208FF62AFC9A2C004FED4B /* CaskKeeperTests */ = {
			isa = PBXGroup;
			children = (
				B3208FF72AFC9A2C004FED4B /* CaskKeeperTests.swift */,
			);
			path = CaskKeeperTests;
			sourceTree = "<group>";
		};
		B32090002AFC9A2C004FED4B /* CaskKeeperUITests */ = {
			isa = PBXGroup;
			children = (
				B32090012AFC9A2C004FED4B /* CaskKeeperUITests.swift */,
				B32090032AFC9A2C004FED4B /* CaskKeeperUITestsLaunchTests.swift */,
			);
			path = CaskKeeperUITests;
			sourceTree = "<group>";
		};
		B32090122AFC9B3B004FED4B /* Extensions */ = {
			isa = PBXGroup;
			children = (
				B32090132AFC9B66004FED4B /* EnvironmentValues+Ext.swift */,
				B3D2D9B22B0D822C0041DC7F /* View.swift */,
				B3E5C0842B142BED009949BB /* Font+Ext.swift */,
			);
			path = Extensions;
			sourceTree = "<group>";
		};
		B32090172AFC9BAB004FED4B /* Flavor */ = {
			isa = PBXGroup;
			children = (
				B32090182AFC9BAB004FED4B /* Model */,
				B320901B2AFC9BAB004FED4B /* View */,
			);
			path = Flavor;
			sourceTree = "<group>";
		};
		B32090182AFC9BAB004FED4B /* Model */ = {
			isa = PBXGroup;
			children = (
				B32090192AFC9BAB004FED4B /* Flavor.swift */,
				B320901A2AFC9BAB004FED4B /* FlavorCatalog.swift */,
				B31D713B2B0538FC00CA01E0 /* flavors.json */,
			);
			path = Model;
			sourceTree = "<group>";
		};
		B320901B2AFC9BAB004FED4B /* View */ = {
			isa = PBXGroup;
			children = (
				B320901C2AFC9BAB004FED4B /* FlavorSelectionView.swift */,
			);
			path = View;
			sourceTree = "<group>";
		};
		B32090202AFC9BBA004FED4B /* Font */ = {
			isa = PBXGroup;
			children = (
				B32090212AFC9BBA004FED4B /* AsapCondensed-Light.ttf */,
				B32090222AFC9BBA004FED4B /* AsapCondensed-SemiBold.ttf */,
				B32090232AFC9BBA004FED4B /* AsapCondensed-Regular.ttf */,
				B32090242AFC9BBA004FED4B /* AsapCondensed-Italic.ttf */,
				B32090252AFC9BBA004FED4B /* AsapCondensed-Medium.ttf */,
				B32090262AFC9BBA004FED4B /* AsapCondensed-Bold.ttf */,
			);
			path = Font;
			sourceTree = "<group>";
		};
		B320902D2AFC9BC7004FED4B /* Utility */ = {
			isa = PBXGroup;
			children = (
				B38F3D192B12BF340009DF01 /* ImageLoader.swift */,
				B320902E2AFC9BC7004FED4B /* WhiskeyDataPersistanceManager.swift */,
				B39485A42B152A5B00930ED7 /* WantListDataPersistanceDataManager.swift */,
			);
			path = Utility;
			sourceTree = "<group>";
		};
		B32090302AFC9BCE004FED4B /* Whiskey */ = {
			isa = PBXGroup;
			children = (
				B32090312AFC9BCE004FED4B /* UIKit */,
				B32090342AFC9BCE004FED4B /* Model */,
				B320903A2AFC9BCE004FED4B /* View */,
			);
			path = Whiskey;
			sourceTree = "<group>";
		};
		B32090312AFC9BCE004FED4B /* UIKit */ = {
			isa = PBXGroup;
			children = (
				B32090322AFC9BCE004FED4B /* ImagePickerRepresentable.swift */,
				B331B6352B02AF7B008DE573 /* DocumentPicker.swift */,
				B32090332AFC9BCE004FED4B /* PHPickerRepresentable.swift */,
				B3D2D9762B0C69510041DC7F /* DocumentExporter.swift */,
			);
			path = UIKit;
			sourceTree = "<group>";
		};
		B32090342AFC9BCE004FED4B /* Model */ = {
			isa = PBXGroup;
			children = (
				B32090352AFC9BCE004FED4B /* WhiskeyLibrary.swift */,
				B32090362AFC9BCE004FED4B /* Age.swift */,
				B32090372AFC9BCE004FED4B /* Style.swift */,
				B32090382AFC9BCE004FED4B /* Whiskey.swift */,
				B32090392AFC9BCE004FED4B /* Origin.swift */,
			);
			path = Model;
			sourceTree = "<group>";
		};
		B320903A2AFC9BCE004FED4B /* View */ = {
			isa = PBXGroup;
			children = (
				B3B9B34D2B0435BF00EE1A7F /* EditViews */,
				B3B9B34C2B0435A600EE1A7F /* AddViews */,
				B3B9B34B2B04358800EE1A7F /* DetailViewws */,
				B320903F2AFC9BCE004FED4B /* WhiskeyRowView.swift */,
				B3C5B2B52AFFF16D00A75544 /* ScoreGaugeStyle.swift */,
				B32090402AFC9BCE004FED4B /* TasteRowView.swift */,
				B32090422AFC9BCE004FED4B /* ContentView.swift */,
				B3B9B3532B04896F00EE1A7F /* SettingsView.swift */,
				B3D2D9742B0C5A6F0041DC7F /* ExportWhiskeyCollectionJSONView.swift */,
				B3D2D9B02B0D32A80041DC7F /* ImportWhiskeyCollectionJSONView.swift */,
			);
			path = View;
			sourceTree = "<group>";
		};
		B3B9B34B2B04358800EE1A7F /* DetailViewws */ = {
			isa = PBXGroup;
			children = (
				B32090432AFC9BCE004FED4B /* WhiskeyDetailRowView.swift */,
				B39193C12B01D07100B53767 /* WhiskeyDetailRowStateToggle.swift */,
				B32090452AFC9BCE004FED4B /* WhiskeyDetailRowViewToggle.swift */,
				B32090442AFC9BCE004FED4B /* WhiskeyTasteDetailView.swift */,
				B320903D2AFC9BCE004FED4B /* WhiskeyDetailView.swift */,
			);
			path = DetailViewws;
			sourceTree = "<group>";
		};
		B3B9B34C2B0435A600EE1A7F /* AddViews */ = {
			isa = PBXGroup;
			children = (
				B320903C2AFC9BCE004FED4B /* AddWhiskeyNote.swift */,
				B32090412AFC9BCE004FED4B /* AddWhiskeyView.swift */,
			);
			path = AddViews;
			sourceTree = "<group>";
		};
		B3B9B34D2B0435BF00EE1A7F /* EditViews */ = {
			isa = PBXGroup;
			children = (
				B320903E2AFC9BCE004FED4B /* WhiskeyEditTextField.swift */,
				B320903B2AFC9BCE004FED4B /* WhiskeyEditView.swift */,
			);
			path = EditViews;
			sourceTree = "<group>";
		};
		B3B9B3502B0480DC00EE1A7F /* CSV */ = {
			isa = PBXGroup;
			children = (
				B31D71412B05420900CA01E0 /* CSVStyleView.swift */,
				B31D71452B05504800CA01E0 /* CSVBottleStateView.swift */,
				B31D713F2B053FED00CA01E0 /* CSVInfoValueRow.swift */,
				B31D71432B054CCC00CA01E0 /* CSVOriginView.swift */,
				B31D71472B0560D300CA01E0 /* CSVImportView.swift */,
				B3B9B34E2B0435F800EE1A7F /* ImportWhiskeyCSVView.swift */,
				B31D71372B05358900CA01E0 /* csvschema.json */,
			);
			path = CSV;
			sourceTree = "<group>";
		};
		B3E5C07D2B140A14009949BB /* Collection */ = {
			isa = PBXGroup;
			children = (
				B320902D2AFC9BC7004FED4B /* Utility */,
				B32090302AFC9BCE004FED4B /* Whiskey */,
				B3B9B3502B0480DC00EE1A7F /* CSV */,
				B32090172AFC9BAB004FED4B /* Flavor */,
			);
			path = Collection;
			sourceTree = "<group>";
		};
		B3E5C07E2B140A37009949BB /* App */ = {
			isa = PBXGroup;
			children = (
				B3208FEA2AFC9A2C004FED4B /* Assets.xcassets */,
				B3208FE62AFC9A2A004FED4B /* CaskKeeperApp.swift */,
				B3E5C0802B140B2F009949BB /* CKTabBarView.swift */,
			);
			path = App;
			sourceTree = "<group>";
		};
		B3E5C07F2B140AF8009949BB /* WantedList */ = {
			isa = PBXGroup;
			children = (
				B3E5C0822B142736009949BB /* WantedListView.swift */,
				B320DF142B1561BB00D13064 /* AddWantedListView.swift */,
				B3E5C0862B143803009949BB /* WantedList.swift */,
				B3E5C0882B143AF8009949BB /* WantedListLibrary.swift */,
				B3FEB0242B16798700F6DD56 /* WantedListDetailView.swift */,
				B39485A62B1536F100930ED7 /* UserCreatedList.swift */,
				B39485A82B153AF900930ED7 /* WhiskeyItem.swift */,
			);
			path = WantedList;
			sourceTree = "<group>";
		};
/* End PBXGroup section */

/* Begin PBXNativeTarget section */
		B3208FE22AFC9A2A004FED4B /* CaskKeeper */ = {
			isa = PBXNativeTarget;
			buildConfigurationList = B32090072AFC9A2C004FED4B /* Build configuration list for PBXNativeTarget "CaskKeeper" */;
			buildPhases = (
				B3208FDF2AFC9A2A004FED4B /* Sources */,
				B3208FE02AFC9A2A004FED4B /* Frameworks */,
				B3208FE12AFC9A2A004FED4B /* Resources */,
			);
			buildRules = (
			);
			dependencies = (
			);
			name = CaskKeeper;
			productName = CaskKeeper;
			productReference = B3208FE32AFC9A2A004FED4B /* CaskKeeper.app */;
			productType = "com.apple.product-type.application";
		};
		B3208FF22AFC9A2C004FED4B /* CaskKeeperTests */ = {
			isa = PBXNativeTarget;
			buildConfigurationList = B320900A2AFC9A2C004FED4B /* Build configuration list for PBXNativeTarget "CaskKeeperTests" */;
			buildPhases = (
				B3208FEF2AFC9A2C004FED4B /* Sources */,
				B3208FF02AFC9A2C004FED4B /* Frameworks */,
				B3208FF12AFC9A2C004FED4B /* Resources */,
			);
			buildRules = (
			);
			dependencies = (
				B3208FF52AFC9A2C004FED4B /* PBXTargetDependency */,
			);
			name = CaskKeeperTests;
			productName = CaskKeeperTests;
			productReference = B3208FF32AFC9A2C004FED4B /* CaskKeeperTests.xctest */;
			productType = "com.apple.product-type.bundle.unit-test";
		};
		B3208FFC2AFC9A2C004FED4B /* CaskKeeperUITests */ = {
			isa = PBXNativeTarget;
			buildConfigurationList = B320900D2AFC9A2C004FED4B /* Build configuration list for PBXNativeTarget "CaskKeeperUITests" */;
			buildPhases = (
				B3208FF92AFC9A2C004FED4B /* Sources */,
				B3208FFA2AFC9A2C004FED4B /* Frameworks */,
				B3208FFB2AFC9A2C004FED4B /* Resources */,
			);
			buildRules = (
			);
			dependencies = (
				B3208FFF2AFC9A2C004FED4B /* PBXTargetDependency */,
			);
			name = CaskKeeperUITests;
			productName = CaskKeeperUITests;
			productReference = B3208FFD2AFC9A2C004FED4B /* CaskKeeperUITests.xctest */;
			productType = "com.apple.product-type.bundle.ui-testing";
		};
/* End PBXNativeTarget section */

/* Begin PBXProject section */
		B3208FDB2AFC9A2A004FED4B /* Project object */ = {
			isa = PBXProject;
			attributes = {
				BuildIndependentTargetsInParallel = 1;
				LastSwiftUpdateCheck = 1500;
				LastUpgradeCheck = 1500;
				TargetAttributes = {
					B3208FE22AFC9A2A004FED4B = {
						CreatedOnToolsVersion = 15.0.1;
					};
					B3208FF22AFC9A2C004FED4B = {
						CreatedOnToolsVersion = 15.0.1;
						TestTargetID = B3208FE22AFC9A2A004FED4B;
					};
					B3208FFC2AFC9A2C004FED4B = {
						CreatedOnToolsVersion = 15.0.1;
						TestTargetID = B3208FE22AFC9A2A004FED4B;
					};
				};
			};
			buildConfigurationList = B3208FDE2AFC9A2A004FED4B /* Build configuration list for PBXProject "CaskKeeper" */;
			compatibilityVersion = "Xcode 14.0";
			developmentRegion = en;
			hasScannedForEncodings = 0;
			knownRegions = (
				en,
				Base,
			);
			mainGroup = B3208FDA2AFC9A2A004FED4B;
			productRefGroup = B3208FE42AFC9A2A004FED4B /* Products */;
			projectDirPath = "";
			projectRoot = "";
			targets = (
				B3208FE22AFC9A2A004FED4B /* CaskKeeper */,
				B3208FF22AFC9A2C004FED4B /* CaskKeeperTests */,
				B3208FFC2AFC9A2C004FED4B /* CaskKeeperUITests */,
			);
		};
/* End PBXProject section */

/* Begin PBXResourcesBuildPhase section */
		B3208FE12AFC9A2A004FED4B /* Resources */ = {
			isa = PBXResourcesBuildPhase;
			buildActionMask = 2147483647;
			files = (
				B320902C2AFC9BBB004FED4B /* AsapCondensed-Bold.ttf in Resources */,
				B3208FEE2AFC9A2C004FED4B /* Preview Assets.xcassets in Resources */,
				B31D713C2B0538FC00CA01E0 /* flavors.json in Resources */,
				B320902B2AFC9BBB004FED4B /* AsapCondensed-Medium.ttf in Resources */,
				B32090272AFC9BBB004FED4B /* AsapCondensed-Light.ttf in Resources */,
				B32090282AFC9BBB004FED4B /* AsapCondensed-SemiBold.ttf in Resources */,
				B320902A2AFC9BBB004FED4B /* AsapCondensed-Italic.ttf in Resources */,
				B32090292AFC9BBB004FED4B /* AsapCondensed-Regular.ttf in Resources */,
				B31D71382B05358900CA01E0 /* csvschema.json in Resources */,
				B3208FEB2AFC9A2C004FED4B /* Assets.xcassets in Resources */,
			);
			runOnlyForDeploymentPostprocessing = 0;
		};
		B3208FF12AFC9A2C004FED4B /* Resources */ = {
			isa = PBXResourcesBuildPhase;
			buildActionMask = 2147483647;
			files = (
			);
			runOnlyForDeploymentPostprocessing = 0;
		};
		B3208FFB2AFC9A2C004FED4B /* Resources */ = {
			isa = PBXResourcesBuildPhase;
			buildActionMask = 2147483647;
			files = (
			);
			runOnlyForDeploymentPostprocessing = 0;
		};
/* End PBXResourcesBuildPhase section */

/* Begin PBXSourcesBuildPhase section */
		B3208FDF2AFC9A2A004FED4B /* Sources */ = {
			isa = PBXSourcesBuildPhase;
			buildActionMask = 2147483647;
			files = (
				B32090502AFC9BCE004FED4B /* WhiskeyEditTextField.swift in Sources */,
				B3E5C0832B142736009949BB /* WantedListView.swift in Sources */,
				B32090142AFC9B66004FED4B /* EnvironmentValues+Ext.swift in Sources */,
				B39485A52B152A5B00930ED7 /* WantListDataPersistanceDataManager.swift in Sources */,
				B3E5C0872B143803009949BB /* WantedList.swift in Sources */,
				B320904F2AFC9BCE004FED4B /* WhiskeyDetailView.swift in Sources */,
				B3D2D9B12B0D32A80041DC7F /* ImportWhiskeyCollectionJSONView.swift in Sources */,
				B31D71442B054CCC00CA01E0 /* CSVOriginView.swift in Sources */,
				B31D71422B05420900CA01E0 /* CSVStyleView.swift in Sources */,
				B3D2D9B32B0D822C0041DC7F /* View.swift in Sources */,
				B3E5C0852B142BED009949BB /* Font+Ext.swift in Sources */,
				B3D2D9772B0C69510041DC7F /* DocumentExporter.swift in Sources */,
				B31D71402B053FED00CA01E0 /* CSVInfoValueRow.swift in Sources */,
				B3B9B34F2B0435F800EE1A7F /* ImportWhiskeyCSVView.swift in Sources */,
				B320901D2AFC9BAB004FED4B /* Flavor.swift in Sources */,
				B320904E2AFC9BCE004FED4B /* AddWhiskeyNote.swift in Sources */,
				B32090482AFC9BCE004FED4B /* WhiskeyLibrary.swift in Sources */,
				B320902F2AFC9BC7004FED4B /* WhiskeyDataPersistanceManager.swift in Sources */,
				B3D2D9752B0C5A6F0041DC7F /* ExportWhiskeyCollectionJSONView.swift in Sources */,
				B32090572AFC9BCE004FED4B /* WhiskeyDetailRowViewToggle.swift in Sources */,
				B32090552AFC9BCE004FED4B /* WhiskeyDetailRowView.swift in Sources */,
				B320904D2AFC9BCE004FED4B /* WhiskeyEditView.swift in Sources */,
				B320DF152B1561BB00D13064 /* AddWantedListView.swift in Sources */,
				B39193C22B01D07100B53767 /* WhiskeyDetailRowStateToggle.swift in Sources */,
				B32090522AFC9BCE004FED4B /* TasteRowView.swift in Sources */,
				B39485A92B153AF900930ED7 /* WhiskeyItem.swift in Sources */,
				B31D71482B0560D300CA01E0 /* CSVImportView.swift in Sources */,
				B3208FE72AFC9A2A004FED4B /* CaskKeeperApp.swift in Sources */,
				B331B6362B02AF7B008DE573 /* DocumentPicker.swift in Sources */,
				B3B9B3542B04896F00EE1A7F /* SettingsView.swift in Sources */,
				B3C5B2B62AFFF16D00A75544 /* ScoreGaugeStyle.swift in Sources */,
				B320901E2AFC9BAB004FED4B /* FlavorCatalog.swift in Sources */,
				B3E5C0812B140B2F009949BB /* CKTabBarView.swift in Sources */,
				B32090542AFC9BCE004FED4B /* ContentView.swift in Sources */,
				B3E5C0892B143AF8009949BB /* WantedListLibrary.swift in Sources */,
				B3FEB0252B16798700F6DD56 /* WantedListDetailView.swift in Sources */,
				B320904A2AFC9BCE004FED4B /* Style.swift in Sources */,
				B32090472AFC9BCE004FED4B /* PHPickerRepresentable.swift in Sources */,
				B32090492AFC9BCE004FED4B /* Age.swift in Sources */,
				B320904B2AFC9BCE004FED4B /* Whiskey.swift in Sources */,
				B39485A72B1536F100930ED7 /* UserCreatedList.swift in Sources */,
				B32090562AFC9BCE004FED4B /* WhiskeyTasteDetailView.swift in Sources */,
				B32090462AFC9BCE004FED4B /* ImagePickerRepresentable.swift in Sources */,
				B32090512AFC9BCE004FED4B /* WhiskeyRowView.swift in Sources */,
				B320901F2AFC9BAB004FED4B /* FlavorSelectionView.swift in Sources */,
				B320904C2AFC9BCE004FED4B /* Origin.swift in Sources */,
				B31D71462B05504800CA01E0 /* CSVBottleStateView.swift in Sources */,
				B32090532AFC9BCE004FED4B /* AddWhiskeyView.swift in Sources */,
				B38F3D1A2B12BF340009DF01 /* ImageLoader.swift in Sources */,
			);
			runOnlyForDeploymentPostprocessing = 0;
		};
		B3208FEF2AFC9A2C004FED4B /* Sources */ = {
			isa = PBXSourcesBuildPhase;
			buildActionMask = 2147483647;
			files = (
				B3208FF82AFC9A2C004FED4B /* CaskKeeperTests.swift in Sources */,
			);
			runOnlyForDeploymentPostprocessing = 0;
		};
		B3208FF92AFC9A2C004FED4B /* Sources */ = {
			isa = PBXSourcesBuildPhase;
			buildActionMask = 2147483647;
			files = (
				B32090042AFC9A2C004FED4B /* CaskKeeperUITestsLaunchTests.swift in Sources */,
				B32090022AFC9A2C004FED4B /* CaskKeeperUITests.swift in Sources */,
			);
			runOnlyForDeploymentPostprocessing = 0;
		};
/* End PBXSourcesBuildPhase section */

/* Begin PBXTargetDependency section */
		B3208FF52AFC9A2C004FED4B /* PBXTargetDependency */ = {
			isa = PBXTargetDependency;
			target = B3208FE22AFC9A2A004FED4B /* CaskKeeper */;
			targetProxy = B3208FF42AFC9A2C004FED4B /* PBXContainerItemProxy */;
		};
		B3208FFF2AFC9A2C004FED4B /* PBXTargetDependency */ = {
			isa = PBXTargetDependency;
			target = B3208FE22AFC9A2A004FED4B /* CaskKeeper */;
			targetProxy = B3208FFE2AFC9A2C004FED4B /* PBXContainerItemProxy */;
		};
/* End PBXTargetDependency section */

/* Begin XCBuildConfiguration section */
		B32090052AFC9A2C004FED4B /* Debug */ = {
			isa = XCBuildConfiguration;
			buildSettings = {
				ALWAYS_SEARCH_USER_PATHS = NO;
				ASSETCATALOG_COMPILER_GENERATE_SWIFT_ASSET_SYMBOL_EXTENSIONS = YES;
				CLANG_ANALYZER_NONNULL = YES;
				CLANG_ANALYZER_NUMBER_OBJECT_CONVERSION = YES_AGGRESSIVE;
				CLANG_CXX_LANGUAGE_STANDARD = "gnu++20";
				CLANG_ENABLE_MODULES = YES;
				CLANG_ENABLE_OBJC_ARC = YES;
				CLANG_ENABLE_OBJC_WEAK = YES;
				CLANG_WARN_BLOCK_CAPTURE_AUTORELEASING = YES;
				CLANG_WARN_BOOL_CONVERSION = YES;
				CLANG_WARN_COMMA = YES;
				CLANG_WARN_CONSTANT_CONVERSION = YES;
				CLANG_WARN_DEPRECATED_OBJC_IMPLEMENTATIONS = YES;
				CLANG_WARN_DIRECT_OBJC_ISA_USAGE = YES_ERROR;
				CLANG_WARN_DOCUMENTATION_COMMENTS = YES;
				CLANG_WARN_EMPTY_BODY = YES;
				CLANG_WARN_ENUM_CONVERSION = YES;
				CLANG_WARN_INFINITE_RECURSION = YES;
				CLANG_WARN_INT_CONVERSION = YES;
				CLANG_WARN_NON_LITERAL_NULL_CONVERSION = YES;
				CLANG_WARN_OBJC_IMPLICIT_RETAIN_SELF = YES;
				CLANG_WARN_OBJC_LITERAL_CONVERSION = YES;
				CLANG_WARN_OBJC_ROOT_CLASS = YES_ERROR;
				CLANG_WARN_QUOTED_INCLUDE_IN_FRAMEWORK_HEADER = YES;
				CLANG_WARN_RANGE_LOOP_ANALYSIS = YES;
				CLANG_WARN_STRICT_PROTOTYPES = YES;
				CLANG_WARN_SUSPICIOUS_MOVE = YES;
				CLANG_WARN_UNGUARDED_AVAILABILITY = YES_AGGRESSIVE;
				CLANG_WARN_UNREACHABLE_CODE = YES;
				CLANG_WARN__DUPLICATE_METHOD_MATCH = YES;
				COPY_PHASE_STRIP = NO;
				DEBUG_INFORMATION_FORMAT = dwarf;
				ENABLE_STRICT_OBJC_MSGSEND = YES;
				ENABLE_TESTABILITY = YES;
				ENABLE_USER_SCRIPT_SANDBOXING = YES;
				GCC_C_LANGUAGE_STANDARD = gnu17;
				GCC_DYNAMIC_NO_PIC = NO;
				GCC_NO_COMMON_BLOCKS = YES;
				GCC_OPTIMIZATION_LEVEL = 0;
				GCC_PREPROCESSOR_DEFINITIONS = (
					"DEBUG=1",
					"$(inherited)",
				);
				GCC_WARN_64_TO_32_BIT_CONVERSION = YES;
				GCC_WARN_ABOUT_RETURN_TYPE = YES_ERROR;
				GCC_WARN_UNDECLARED_SELECTOR = YES;
				GCC_WARN_UNINITIALIZED_AUTOS = YES_AGGRESSIVE;
				GCC_WARN_UNUSED_FUNCTION = YES;
				GCC_WARN_UNUSED_VARIABLE = YES;
				IPHONEOS_DEPLOYMENT_TARGET = 17.0;
				LOCALIZATION_PREFERS_STRING_CATALOGS = YES;
				MTL_ENABLE_DEBUG_INFO = INCLUDE_SOURCE;
				MTL_FAST_MATH = YES;
				ONLY_ACTIVE_ARCH = YES;
				SDKROOT = iphoneos;
				SWIFT_ACTIVE_COMPILATION_CONDITIONS = "DEBUG $(inherited)";
				SWIFT_OPTIMIZATION_LEVEL = "-Onone";
			};
			name = Debug;
		};
		B32090062AFC9A2C004FED4B /* Release */ = {
			isa = XCBuildConfiguration;
			buildSettings = {
				ALWAYS_SEARCH_USER_PATHS = NO;
				ASSETCATALOG_COMPILER_GENERATE_SWIFT_ASSET_SYMBOL_EXTENSIONS = YES;
				CLANG_ANALYZER_NONNULL = YES;
				CLANG_ANALYZER_NUMBER_OBJECT_CONVERSION = YES_AGGRESSIVE;
				CLANG_CXX_LANGUAGE_STANDARD = "gnu++20";
				CLANG_ENABLE_MODULES = YES;
				CLANG_ENABLE_OBJC_ARC = YES;
				CLANG_ENABLE_OBJC_WEAK = YES;
				CLANG_WARN_BLOCK_CAPTURE_AUTORELEASING = YES;
				CLANG_WARN_BOOL_CONVERSION = YES;
				CLANG_WARN_COMMA = YES;
				CLANG_WARN_CONSTANT_CONVERSION = YES;
				CLANG_WARN_DEPRECATED_OBJC_IMPLEMENTATIONS = YES;
				CLANG_WARN_DIRECT_OBJC_ISA_USAGE = YES_ERROR;
				CLANG_WARN_DOCUMENTATION_COMMENTS = YES;
				CLANG_WARN_EMPTY_BODY = YES;
				CLANG_WARN_ENUM_CONVERSION = YES;
				CLANG_WARN_INFINITE_RECURSION = YES;
				CLANG_WARN_INT_CONVERSION = YES;
				CLANG_WARN_NON_LITERAL_NULL_CONVERSION = YES;
				CLANG_WARN_OBJC_IMPLICIT_RETAIN_SELF = YES;
				CLANG_WARN_OBJC_LITERAL_CONVERSION = YES;
				CLANG_WARN_OBJC_ROOT_CLASS = YES_ERROR;
				CLANG_WARN_QUOTED_INCLUDE_IN_FRAMEWORK_HEADER = YES;
				CLANG_WARN_RANGE_LOOP_ANALYSIS = YES;
				CLANG_WARN_STRICT_PROTOTYPES = YES;
				CLANG_WARN_SUSPICIOUS_MOVE = YES;
				CLANG_WARN_UNGUARDED_AVAILABILITY = YES_AGGRESSIVE;
				CLANG_WARN_UNREACHABLE_CODE = YES;
				CLANG_WARN__DUPLICATE_METHOD_MATCH = YES;
				COPY_PHASE_STRIP = NO;
				DEBUG_INFORMATION_FORMAT = "dwarf-with-dsym";
				ENABLE_NS_ASSERTIONS = NO;
				ENABLE_STRICT_OBJC_MSGSEND = YES;
				ENABLE_USER_SCRIPT_SANDBOXING = YES;
				GCC_C_LANGUAGE_STANDARD = gnu17;
				GCC_NO_COMMON_BLOCKS = YES;
				GCC_WARN_64_TO_32_BIT_CONVERSION = YES;
				GCC_WARN_ABOUT_RETURN_TYPE = YES_ERROR;
				GCC_WARN_UNDECLARED_SELECTOR = YES;
				GCC_WARN_UNINITIALIZED_AUTOS = YES_AGGRESSIVE;
				GCC_WARN_UNUSED_FUNCTION = YES;
				GCC_WARN_UNUSED_VARIABLE = YES;
				IPHONEOS_DEPLOYMENT_TARGET = 17.0;
				LOCALIZATION_PREFERS_STRING_CATALOGS = YES;
				MTL_ENABLE_DEBUG_INFO = NO;
				MTL_FAST_MATH = YES;
				SDKROOT = iphoneos;
				SWIFT_COMPILATION_MODE = wholemodule;
				VALIDATE_PRODUCT = YES;
			};
			name = Release;
		};
		B32090082AFC9A2C004FED4B /* Debug */ = {
			isa = XCBuildConfiguration;
			buildSettings = {
				ASSETCATALOG_COMPILER_APPICON_NAME = AppIcon;
				ASSETCATALOG_COMPILER_GLOBAL_ACCENT_COLOR_NAME = AccentColor;
				CODE_SIGN_STYLE = Automatic;
				CURRENT_PROJECT_VERSION = 2;
				DEVELOPMENT_ASSET_PATHS = "\"CaskKeeper/Preview Content\"";
				DEVELOPMENT_TEAM = 7FA5W5825F;
				ENABLE_PREVIEWS = YES;
				GENERATE_INFOPLIST_FILE = YES;
				INFOPLIST_FILE = CaskKeeper/Info.plist;
				INFOPLIST_KEY_LSApplicationCategoryType = "";
				INFOPLIST_KEY_NSCameraUsageDescription = "CastKeeper needs access to use the camera.  The camera will be used in order to apply an image to your whiskey. All your data stays local to your device.";
				INFOPLIST_KEY_NSPhotoLibraryUsageDescription = "CaskKeeper needs access to Photo Library to load photos.  CaskKeeper will use the photo to apply to your whiskey collection. All your data stays local to your device.";
				INFOPLIST_KEY_UIApplicationSceneManifest_Generation = YES;
				INFOPLIST_KEY_UIApplicationSupportsIndirectInputEvents = YES;
				INFOPLIST_KEY_UILaunchScreen_Generation = YES;
				INFOPLIST_KEY_UIStatusBarStyle = "";
				INFOPLIST_KEY_UISupportedInterfaceOrientations_iPad = "UIInterfaceOrientationPortrait UIInterfaceOrientationPortraitUpsideDown UIInterfaceOrientationLandscapeLeft UIInterfaceOrientationLandscapeRight";
				INFOPLIST_KEY_UISupportedInterfaceOrientations_iPhone = "UIInterfaceOrientationPortrait UIInterfaceOrientationLandscapeLeft UIInterfaceOrientationLandscapeRight";
				LD_RUNPATH_SEARCH_PATHS = (
					"$(inherited)",
					"@executable_path/Frameworks",
				);
				MARKETING_VERSION = 2.1;
				PRODUCT_BUNDLE_IDENTIFIER = com.jmo.CaskKeeper;
				PRODUCT_NAME = "$(TARGET_NAME)";
				SWIFT_EMIT_LOC_STRINGS = YES;
				SWIFT_VERSION = 5.0;
				TARGETED_DEVICE_FAMILY = "1,2";
			};
			name = Debug;
		};
		B32090092AFC9A2C004FED4B /* Release */ = {
			isa = XCBuildConfiguration;
			buildSettings = {
				ASSETCATALOG_COMPILER_APPICON_NAME = AppIcon;
				ASSETCATALOG_COMPILER_GLOBAL_ACCENT_COLOR_NAME = AccentColor;
				CODE_SIGN_STYLE = Automatic;
				CURRENT_PROJECT_VERSION = 2;
				DEVELOPMENT_ASSET_PATHS = "\"CaskKeeper/Preview Content\"";
				DEVELOPMENT_TEAM = 7FA5W5825F;
				ENABLE_PREVIEWS = YES;
				GENERATE_INFOPLIST_FILE = YES;
				INFOPLIST_FILE = CaskKeeper/Info.plist;
				INFOPLIST_KEY_LSApplicationCategoryType = "";
				INFOPLIST_KEY_NSCameraUsageDescription = "CastKeeper needs access to use the camera.  The camera will be used in order to apply an image to your whiskey. All your data stays local to your device.";
				INFOPLIST_KEY_NSPhotoLibraryUsageDescription = "CaskKeeper needs access to Photo Library to load photos.  CaskKeeper will use the photo to apply to your whiskey collection. All your data stays local to your device.";
				INFOPLIST_KEY_UIApplicationSceneManifest_Generation = YES;
				INFOPLIST_KEY_UIApplicationSupportsIndirectInputEvents = YES;
				INFOPLIST_KEY_UILaunchScreen_Generation = YES;
				INFOPLIST_KEY_UIStatusBarStyle = "";
				INFOPLIST_KEY_UISupportedInterfaceOrientations_iPad = "UIInterfaceOrientationPortrait UIInterfaceOrientationPortraitUpsideDown UIInterfaceOrientationLandscapeLeft UIInterfaceOrientationLandscapeRight";
				INFOPLIST_KEY_UISupportedInterfaceOrientations_iPhone = "UIInterfaceOrientationPortrait UIInterfaceOrientationLandscapeLeft UIInterfaceOrientationLandscapeRight";
				LD_RUNPATH_SEARCH_PATHS = (
					"$(inherited)",
					"@executable_path/Frameworks",
				);
				MARKETING_VERSION = 2.1;
				PRODUCT_BUNDLE_IDENTIFIER = com.jmo.CaskKeeper;
				PRODUCT_NAME = "$(TARGET_NAME)";
				SWIFT_EMIT_LOC_STRINGS = YES;
				SWIFT_VERSION = 5.0;
				TARGETED_DEVICE_FAMILY = "1,2";
			};
			name = Release;
		};
		B320900B2AFC9A2C004FED4B /* Debug */ = {
			isa = XCBuildConfiguration;
			buildSettings = {
				ALWAYS_EMBED_SWIFT_STANDARD_LIBRARIES = YES;
				BUNDLE_LOADER = "$(TEST_HOST)";
				CODE_SIGN_STYLE = Automatic;
				CURRENT_PROJECT_VERSION = 1;
				DEVELOPMENT_TEAM = 7FA5W5825F;
				GENERATE_INFOPLIST_FILE = YES;
				IPHONEOS_DEPLOYMENT_TARGET = 17.0;
				MARKETING_VERSION = 1.0;
				PRODUCT_BUNDLE_IDENTIFIER = com.jmo.CaskKeeperTests;
				PRODUCT_NAME = "$(TARGET_NAME)";
				SWIFT_EMIT_LOC_STRINGS = NO;
				SWIFT_VERSION = 5.0;
				TARGETED_DEVICE_FAMILY = "1,2";
				TEST_HOST = "$(BUILT_PRODUCTS_DIR)/CaskKeeper.app/$(BUNDLE_EXECUTABLE_FOLDER_PATH)/CaskKeeper";
			};
			name = Debug;
		};
		B320900C2AFC9A2C004FED4B /* Release */ = {
			isa = XCBuildConfiguration;
			buildSettings = {
				ALWAYS_EMBED_SWIFT_STANDARD_LIBRARIES = YES;
				BUNDLE_LOADER = "$(TEST_HOST)";
				CODE_SIGN_STYLE = Automatic;
				CURRENT_PROJECT_VERSION = 1;
				DEVELOPMENT_TEAM = 7FA5W5825F;
				GENERATE_INFOPLIST_FILE = YES;
				IPHONEOS_DEPLOYMENT_TARGET = 17.0;
				MARKETING_VERSION = 1.0;
				PRODUCT_BUNDLE_IDENTIFIER = com.jmo.CaskKeeperTests;
				PRODUCT_NAME = "$(TARGET_NAME)";
				SWIFT_EMIT_LOC_STRINGS = NO;
				SWIFT_VERSION = 5.0;
				TARGETED_DEVICE_FAMILY = "1,2";
				TEST_HOST = "$(BUILT_PRODUCTS_DIR)/CaskKeeper.app/$(BUNDLE_EXECUTABLE_FOLDER_PATH)/CaskKeeper";
			};
			name = Release;
		};
		B320900E2AFC9A2C004FED4B /* Debug */ = {
			isa = XCBuildConfiguration;
			buildSettings = {
				ALWAYS_EMBED_SWIFT_STANDARD_LIBRARIES = YES;
				CODE_SIGN_STYLE = Automatic;
				CURRENT_PROJECT_VERSION = 1;
				DEVELOPMENT_TEAM = 7FA5W5825F;
				GENERATE_INFOPLIST_FILE = YES;
				MARKETING_VERSION = 1.0;
				PRODUCT_BUNDLE_IDENTIFIER = com.jmo.CaskKeeperUITests;
				PRODUCT_NAME = "$(TARGET_NAME)";
				SWIFT_EMIT_LOC_STRINGS = NO;
				SWIFT_VERSION = 5.0;
				TARGETED_DEVICE_FAMILY = "1,2";
				TEST_TARGET_NAME = CaskKeeper;
			};
			name = Debug;
		};
		B320900F2AFC9A2C004FED4B /* Release */ = {
			isa = XCBuildConfiguration;
			buildSettings = {
				ALWAYS_EMBED_SWIFT_STANDARD_LIBRARIES = YES;
				CODE_SIGN_STYLE = Automatic;
				CURRENT_PROJECT_VERSION = 1;
				DEVELOPMENT_TEAM = 7FA5W5825F;
				GENERATE_INFOPLIST_FILE = YES;
				MARKETING_VERSION = 1.0;
				PRODUCT_BUNDLE_IDENTIFIER = com.jmo.CaskKeeperUITests;
				PRODUCT_NAME = "$(TARGET_NAME)";
				SWIFT_EMIT_LOC_STRINGS = NO;
				SWIFT_VERSION = 5.0;
				TARGETED_DEVICE_FAMILY = "1,2";
				TEST_TARGET_NAME = CaskKeeper;
			};
			name = Release;
		};
/* End XCBuildConfiguration section */

/* Begin XCConfigurationList section */
		B3208FDE2AFC9A2A004FED4B /* Build configuration list for PBXProject "CaskKeeper" */ = {
			isa = XCConfigurationList;
			buildConfigurations = (
				B32090052AFC9A2C004FED4B /* Debug */,
				B32090062AFC9A2C004FED4B /* Release */,
			);
			defaultConfigurationIsVisible = 0;
			defaultConfigurationName = Release;
		};
		B32090072AFC9A2C004FED4B /* Build configuration list for PBXNativeTarget "CaskKeeper" */ = {
			isa = XCConfigurationList;
			buildConfigurations = (
				B32090082AFC9A2C004FED4B /* Debug */,
				B32090092AFC9A2C004FED4B /* Release */,
			);
			defaultConfigurationIsVisible = 0;
			defaultConfigurationName = Release;
		};
		B320900A2AFC9A2C004FED4B /* Build configuration list for PBXNativeTarget "CaskKeeperTests" */ = {
			isa = XCConfigurationList;
			buildConfigurations = (
				B320900B2AFC9A2C004FED4B /* Debug */,
				B320900C2AFC9A2C004FED4B /* Release */,
			);
			defaultConfigurationIsVisible = 0;
			defaultConfigurationName = Release;
		};
		B320900D2AFC9A2C004FED4B /* Build configuration list for PBXNativeTarget "CaskKeeperUITests" */ = {
			isa = XCConfigurationList;
			buildConfigurations = (
				B320900E2AFC9A2C004FED4B /* Debug */,
				B320900F2AFC9A2C004FED4B /* Release */,
			);
			defaultConfigurationIsVisible = 0;
			defaultConfigurationName = Release;
		};
/* End XCConfigurationList section */
	};
	rootObject = B3208FDB2AFC9A2A004FED4B /* Project object */;
}
